// !$*UTF8*$!
{
	archiveVersion = 1;
	classes = {
	};
	objectVersion = 46;
	objects = {

/* Begin PBXBuildFile section */
		329138D41F355C9100BB74DE /* AppDelegate.swift in Sources */ = {isa = PBXBuildFile; fileRef = 329138D31F355C9100BB74DE /* AppDelegate.swift */; };
		329138D61F355C9100BB74DE /* ViewController.swift in Sources */ = {isa = PBXBuildFile; fileRef = 329138D51F355C9100BB74DE /* ViewController.swift */; };
		329138D91F355C9200BB74DE /* Main.storyboard in Resources */ = {isa = PBXBuildFile; fileRef = 329138D71F355C9200BB74DE /* Main.storyboard */; };
		329138DB1F355C9200BB74DE /* Assets.xcassets in Resources */ = {isa = PBXBuildFile; fileRef = 329138DA1F355C9200BB74DE /* Assets.xcassets */; };
		329138DE1F355C9200BB74DE /* LaunchScreen.storyboard in Resources */ = {isa = PBXBuildFile; fileRef = 329138DC1F355C9200BB74DE /* LaunchScreen.storyboard */; };
		329138E61F35602900BB74DE /* hustle-on.wav in Resources */ = {isa = PBXBuildFile; fileRef = 329138E51F35602900BB74DE /* hustle-on.wav */; };
/* End PBXBuildFile section */

/* Begin PBXFileReference section */
		329138D01F355C9100BB74DE /* hustle-mode.app */ = {isa = PBXFileReference; explicitFileType = wrapper.application; includeInIndex = 0; path = "hustle-mode.app"; sourceTree = BUILT_PRODUCTS_DIR; };
		329138D31F355C9100BB74DE /* AppDelegate.swift */ = {isa = PBXFileReference; lastKnownFileType = sourcecode.swift; path = AppDelegate.swift; sourceTree = "<group>"; };
		329138D51F355C9100BB74DE /* ViewController.swift */ = {isa = PBXFileReference; lastKnownFileType = sourcecode.swift; path = ViewController.swift; sourceTree = "<group>"; };
		329138D81F355C9200BB74DE /* Base */ = {isa = PBXFileReference; lastKnownFileType = file.storyboard; name = Base; path = Base.lproj/Main.storyboard; sourceTree = "<group>"; };
		329138DA1F355C9200BB74DE /* Assets.xcassets */ = {isa = PBXFileReference; lastKnownFileType = folder.assetcatalog; path = Assets.xcassets; sourceTree = "<group>"; };
		329138DD1F355C9200BB74DE /* Base */ = {isa = PBXFileReference; lastKnownFileType = file.storyboard; name = Base; path = Base.lproj/LaunchScreen.storyboard; sourceTree = "<group>"; };
		329138DF1F355C9200BB74DE /* Info.plist */ = {isa = PBXFileReference; lastKnownFileType = text.plist.xml; path = Info.plist; sourceTree = "<group>"; };
		329138E51F35602900BB74DE /* hustle-on.wav */ = {isa = PBXFileReference; lastKnownFileType = audio.wav; path = "hustle-on.wav"; sourceTree = "<group>"; };
/* End PBXFileReference section */

/* Begin PBXFrameworksBuildPhase section */
		329138CD1F355C9100BB74DE /* Frameworks */ = {
			isa = PBXFrameworksBuildPhase;
			buildActionMask = 2147483647;
			files = (
			);
			runOnlyForDeploymentPostprocessing = 0;
		};
/* End PBXFrameworksBuildPhase section */

/* Begin PBXGroup section */
		329138C71F355C9000BB74DE = {
			isa = PBXGroup;
			children = (
				329138D21F355C9100BB74DE /* hustle-mode */,
				329138D11F355C9100BB74DE /* Products */,
			);
			sourceTree = "<group>";
		};
		329138D11F355C9100BB74DE /* Products */ = {
			isa = PBXGroup;
			children = (
				329138D01F355C9100BB74DE /* hustle-mode.app */,
			);
			name = Products;
			sourceTree = "<group>";
		};
		329138D21F355C9100BB74DE /* hustle-mode */ = {
			isa = PBXGroup;
			children = (
				329138E51F35602900BB74DE /* hustle-on.wav */,
				329138D31F355C9100BB74DE /* AppDelegate.swift */,
				329138D51F355C9100BB74DE /* ViewController.swift */,
				329138D71F355C9200BB74DE /* Main.storyboard */,
				329138DA1F355C9200BB74DE /* Assets.xcassets */,
				329138DC1F355C9200BB74DE /* LaunchScreen.storyboard */,
				329138DF1F355C9200BB74DE /* Info.plist */,
			);
			path = "hustle-mode";
			sourceTree = "<group>";
		};
/* End PBXGroup section */

/* Begin PBXNativeTarget section */
		329138CF1F355C9100BB74DE /* hustle-mode */ = {
			isa = PBXNativeTarget;
			buildConfigurationList = 329138E21F355C9200BB74DE /* Build configuration list for PBXNativeTarget "hustle-mode" */;
			buildPhases = (
				329138CC1F355C9100BB74DE /* Sources */,
				329138CD1F355C9100BB74DE /* Frameworks */,
				329138CE1F355C9100BB74DE /* Resources */,
			);
			buildRules = (
			);
			dependencies = (
			);
			name = "hustle-mode";
			productName = "hustle-mode";
			productReference = 329138D01F355C9100BB74DE /* hustle-mode.app */;
			productType = "com.apple.product-type.application";
		};
/* End PBXNativeTarget section */

/* Begin PBXProject section */
		329138C81F355C9000BB74DE /* Project object */ = {
			isa = PBXProject;
			attributes = {
				LastSwiftUpdateCheck = 0830;
				LastUpgradeCheck = 0830;
				ORGANIZATIONNAME = "Chris Reedy";
				TargetAttributes = {
					329138CF1F355C9100BB74DE = {
						CreatedOnToolsVersion = 8.3.2;
						ProvisioningStyle = Automatic;
					};
				};
			};
			buildConfigurationList = 329138CB1F355C9000BB74DE /* Build configuration list for PBXProject "hustle-mode" */;
			compatibilityVersion = "Xcode 3.2";
			developmentRegion = English;
			hasScannedForEncodings = 0;
			knownRegions = (
				en,
				Base,
			);
			mainGroup = 329138C71F355C9000BB74DE;
			productRefGroup = 329138D11F355C9100BB74DE /* Products */;
			projectDirPath = "";
			projectRoot = "";
			targets = (
				329138CF1F355C9100BB74DE /* hustle-mode */,
			);
		};
/* End PBXProject section */

/* Begin PBXResourcesBuildPhase section */
		329138CE1F355C9100BB74DE /* Resources */ = {
			isa = PBXResourcesBuildPhase;
			buildActionMask = 2147483647;
			files = (
				329138E61F35602900BB74DE /* hustle-on.wav in Resources */,
				329138DE1F355C9200BB74DE /* LaunchScreen.storyboard in Resources */,
				329138DB1F355C9200BB74DE /* Assets.xcassets in Resources */,
				329138D91F355C9200BB74DE /* Main.storyboard in Resources */,
			);
			runOnlyForDeploymentPostprocessing = 0;
		};
/* End PBXResourcesBuildPhase section */

/* Begin PBXSourcesBuildPhase section */
		329138CC1F355C9100BB74DE /* Sources */ = {
			isa = PBXSourcesBuildPhase;
			buildActionMask = 2147483647;
			files = (
				329138D61F355C9100BB74DE /* ViewController.swift in Sources */,
				329138D41F355C9100BB74DE /* AppDelegate.swift in Sources */,
			);
			runOnlyForDeploymentPostprocessing = 0;
		};
/* End PBXSourcesBuildPhase section */

/* Begin PBXVariantGroup section */
		329138D71F355C9200BB74DE /* Main.storyboard */ = {
			isa = PBXVariantGroup;
			children = (
				329138D81F355C9200BB74DE /* Base */,
			);
			name = Main.storyboard;
			sourceTree = "<group>";
		};
		329138DC1F355C9200BB74DE /* LaunchScreen.storyboard */ = {
			isa = PBXVariantGroup;
			children = (
				329138DD1F355C9200BB74DE /* Base */,
			);
			name = LaunchScreen.storyboard;
			sourceTree = "<group>";
		};
/* End PBXVariantGroup section */

/* Begin XCBuildConfiguration section */
		329138E01F355C9200BB74DE /* Debug */ = {
			isa = XCBuildConfiguration;
			buildSettings = {
				ALWAYS_SEARCH_USER_PATHS = NO;
				CLANG_ANALYZER_NONNULL = YES;
				CLANG_ANALYZER_NUMBER_OBJECT_CONVERSION = YES_AGGRESSIVE;
				CLANG_CXX_LANGUAGE_STANDARD = "gnu++0x";
				CLANG_CXX_LIBRARY = "libc++";
				CLANG_ENABLE_MODULES = YES;
				CLANG_ENABLE_OBJC_ARC = YES;
				CLANG_WARN_BOOL_CONVERSION = YES;
				CLANG_WARN_CONSTANT_CONVERSION = YES;
				CLANG_WARN_DIRECT_OBJC_ISA_USAGE = YES_ERROR;
				CLANG_WARN_DOCUMENTATION_COMMENTS = YES;
				CLANG_WARN_EMPTY_BODY = YES;
				CLANG_WARN_ENUM_CONVERSION = YES;
				CLANG_WARN_INFINITE_RECURSION = YES;
				CLANG_WARN_INT_CONVERSION = YES;
				CLANG_WARN_OBJC_ROOT_CLASS = YES_ERROR;
				CLANG_WARN_SUSPICIOUS_MOVE = YES;
				CLANG_WARN_UNREACHABLE_CODE = YES;
				CLANG_WARN__DUPLICATE_METHOD_MATCH = YES;
				"CODE_SIGN_IDENTITY[sdk=iphoneos*]" = "iPhone Developer";
				COPY_PHASE_STRIP = NO;
				DEBUG_INFORMATION_FORMAT = dwarf;
				ENABLE_STRICT_OBJC_MSGSEND = YES;
				ENABLE_TESTABILITY = YES;
				GCC_C_LANGUAGE_STANDARD = gnu99;
				GCC_DYNAMIC_NO_PIC = NO;
				GCC_NO_COMMON_BLOCKS = YES;
				GCC_OPTIMIZATION_LEVEL = 0;
				GCC_PREPROCESSOR_DEFINITIONS = (
					"DEBUG=1",
					"$(inherited)",
				);
				GCC_WARN_64_TO_32_BIT_CONVERSION = YES;
				GCC_WARN_ABOUT_RETURN_TYPE = YES_ERROR;
				GCC_WARN_UNDECLARED_SELECTOR = YES;
				GCC_WARN_UNINITIALIZED_AUTOS = YES_AGGRESSIVE;
				GCC_WARN_UNUSED_FUNCTION = YES;
				GCC_WARN_UNUSED_VARIABLE = YES;
				IPHONEOS_DEPLOYMENT_TARGET = 10.3;
				MTL_ENABLE_DEBUG_INFO = YES;
				ONLY_ACTIVE_ARCH = YES;
				SDKROOT = iphoneos;
				SWIFT_ACTIVE_COMPILATION_CONDITIONS = DEBUG;
				SWIFT_OPTIMIZATION_LEVEL = "-Onone";
				TARGETED_DEVICE_FAMILY = "1,2";
			};
			name = Debug;
		};
		329138E11F355C9200BB74DE /* Release */ = {
			isa = XCBuildConfiguration;
			buildSettings = {
				ALWAYS_SEARCH_USER_PATHS = NO;
				CLANG_ANALYZER_NONNULL = YES;
				CLANG_ANALYZER_NUMBER_OBJECT_CONVERSION = YES_AGGRESSIVE;
				CLANG_CXX_LANGUAGE_STANDARD = "gnu++0x";
				CLANG_CXX_LIBRARY = "libc++";
				CLANG_ENABLE_MODULES = YES;
				CLANG_ENABLE_OBJC_ARC = YES;
				CLANG_WARN_BOOL_CONVERSION = YES;
				CLANG_WARN_CONSTANT_CONVERSION = YES;
				CLANG_WARN_DIRECT_OBJC_ISA_USAGE = YES_ERROR;
				CLANG_WARN_DOCUMENTATION_COMMENTS = YES;
				CLANG_WARN_EMPTY_BODY = YES;
				CLANG_WARN_ENUM_CONVERSION = YES;
				CLANG_WARN_INFINITE_RECURSION = YES;
				CLANG_WARN_INT_CONVERSION = YES;
				CLANG_WARN_OBJC_ROOT_CLASS = YES_ERROR;
				CLANG_WARN_SUSPICIOUS_MOVE = YES;
				CLANG_WARN_UNREACHABLE_CODE = YES;
				CLANG_WARN__DUPLICATE_METHOD_MATCH = YES;
				"CODE_SIGN_IDENTITY[sdk=iphoneos*]" = "iPhone Developer";
				COPY_PHASE_STRIP = NO;
				DEBUG_INFORMATION_FORMAT = "dwarf-with-dsym";
				ENABLE_NS_ASSERTIONS = NO;
				ENABLE_STRICT_OBJC_MSGSEND = YES;
				GCC_C_LANGUAGE_STANDARD = gnu99;
				GCC_NO_COMMON_BLOCKS = YES;
				GCC_WARN_64_TO_32_BIT_CONVERSION = YES;
				GCC_WARN_ABOUT_RETURN_TYPE = YES_ERROR;
				GCC_WARN_UNDECLARED_SELECTOR = YES;
				GCC_WARN_UNINITIALIZED_AUTOS = YES_AGGRESSIVE;
				GCC_WARN_UNUSED_FUNCTION = YES;
				GCC_WARN_UNUSED_VARIABLE = YES;
				IPHONEOS_DEPLOYMENT_TARGET = 10.3;
				MTL_ENABLE_DEBUG_INFO = NO;
				SDKROOT = iphoneos;
				SWIFT_OPTIMIZATION_LEVEL = "-Owholemodule";
				TARGETED_DEVICE_FAMILY = "1,2";
				VALIDATE_PRODUCT = YES;
			};
			name = Release;
		};
		329138E31F355C9200BB74DE /* Debug */ = {
			isa = XCBuildConfiguration;
			buildSettings = {
				ASSETCATALOG_COMPILER_APPICON_NAME = AppIcon;
				INFOPLIST_FILE = "hustle-mode/Info.plist";
				LD_RUNPATH_SEARCH_PATHS = "$(inherited) @executable_path/Frameworks";
				PRODUCT_BUNDLE_IDENTIFIER = "com.example.hustle-mode";
				PRODUCT_NAME = "$(TARGET_NAME)";
				SWIFT_VERSION = 3.0;
			};
			name = Debug;
		};
		329138E41F355C9200BB74DE /* Release */ = {
			isa = XCBuildConfiguration;
			buildSettings = {
				ASSETCATALOG_COMPILER_APPICON_NAME = AppIcon;
				INFOPLIST_FILE = "hustle-mode/Info.plist";
				LD_RUNPATH_SEARCH_PATHS = "$(inherited) @executable_path/Frameworks";
				PRODUCT_BUNDLE_IDENTIFIER = "com.example.hustle-mode";
				PRODUCT_NAME = "$(TARGET_NAME)";
				SWIFT_VERSION = 3.0;
			};
			name = Release;
		};
/* End XCBuildConfiguration section */

/* Begin XCConfigurationList section */
		329138CB1F355C9000BB74DE /* Build configuration list for PBXProject "hustle-mode" */ = {
			isa = XCConfigurationList;
			buildConfigurations = (
				329138E01F355C9200BB74DE /* Debug */,
				329138E11F355C9200BB74DE /* Release */,
			);
			defaultConfigurationIsVisible = 0;
			defaultConfigurationName = Release;
		};
		329138E21F355C9200BB74DE /* Build configuration list for PBXNativeTarget "hustle-mode" */ = {
			isa = XCConfigurationList;
			buildConfigurations = (
				329138E31F355C9200BB74DE /* Debug */,
				329138E41F355C9200BB74DE /* Release */,
			);
			defaultConfigurationIsVisible = 0;
		};
/* End XCConfigurationList section */
	};
	rootObject = 329138C81F355C9000BB74DE /* Project object */;
}
